
Microsoft Visual Studio Solution File, Format Version 12.00
# Visual Studio 2013
VisualStudioVersion = 12.0.21005.1
MinimumVisualStudioVersion = 10.0.40219.1
Project("{FAE04EC0-301F-11D3-BF4B-00C04F79EFBC}") = "Cream", "Cream\Cream.csproj", "{2CB65A73-5C49-4407-8F7A-31C2ED66802D}"
EndProject
Project("{FAE04EC0-301F-11D3-BF4B-00C04F79EFBC}") = "Cream.CrmSdk", "Cream.CrmSdk\Cream.CrmSdk.csproj", "{9C5A55CA-7773-4F16-9D46-22501F40061F}"
EndProject
Project("{FAE04EC0-301F-11D3-BF4B-00C04F79EFBC}") = "Cream.Test", "Cream.Test\Cream.Test.csproj", "{6BAC0997-041B-452C-8F82-E47C69692DB7}"
EndProject
Global
	GlobalSection(SolutionConfigurationPlatforms) = preSolution
		Debug|Any CPU = Debug|Any CPU
		Release|Any CPU = Release|Any CPU
	EndGlobalSection
	GlobalSection(ProjectConfigurationPlatforms) = postSolution
		{2CB65A73-5C49-4407-8F7A-31C2ED66802D}.Debug|Any CPU.ActiveCfg = Debug|Any CPU
		{2CB65A73-5C49-4407-8F7A-31C2ED66802D}.Debug|Any CPU.Build.0 = Debug|Any CPU
		{2CB65A73-5C49-4407-8F7A-31C2ED66802D}.Release|Any CPU.ActiveCfg = Release|Any CPU
		{2CB65A73-5C49-4407-8F7A-31C2ED66802D}.Release|Any CPU.Build.0 = Release|Any CPU
		{9C5A55CA-7773-4F16-9D46-22501F40061F}.Debug|Any CPU.ActiveCfg = Debug|Any CPU
		{9C5A55CA-7773-4F16-9D46-22501F40061F}.Debug|Any CPU.Build.0 = Debug|Any CPU
		{9C5A55CA-7773-4F16-9D46-22501F40061F}.Release|Any CPU.ActiveCfg = Release|Any CPU
		{9C5A55CA-7773-4F16-9D46-22501F40061F}.Release|Any CPU.Build.0 = Release|Any CPU
		{6BAC0997-041B-452C-8F82-E47C69692DB7}.Debug|Any CPU.ActiveCfg = Debug|Any CPU
		{6BAC0997-041B-452C-8F82-E47C69692DB7}.Debug|Any CPU.Build.0 = Debug|Any CPU
		{6BAC0997-041B-452C-8F82-E47C69692DB7}.Release|Any CPU.ActiveCfg = Release|Any CPU
		{6BAC0997-041B-452C-8F82-E47C69692DB7}.Release|Any CPU.Build.0 = Release|Any CPU
	EndGlobalSection
	GlobalSection(SolutionProperties) = preSolution
		HideSolutionNode = FALSE
	EndGlobalSection
EndGlobal
